
Microsoft Visual Studio Solution File, Format Version 12.00
# Visual Studio 15
VisualStudioVersion = 15.0.27130.2027
MinimumVisualStudioVersion = 10.0.40219.1
Project("{FAE04EC0-301F-11D3-BF4B-00C04F79EFBC}") = "GorselProgramlama-UzaySavaslari", "GorselProgramlama-UzaySavaslari\GorselProgramlama-UzaySavaslari.csproj", "{1EB651A0-B8B2-4AB0-895B-F14C05C9CF63}"
EndProject
Global
	GlobalSection(SolutionConfigurationPlatforms) = preSolution
		Debug|Any CPU = Debug|Any CPU
		Release|Any CPU = Release|Any CPU
	EndGlobalSection
	GlobalSection(ProjectConfigurationPlatforms) = postSolution
		{1EB651A0-B8B2-4AB0-895B-F14C05C9CF63}.Debug|Any CPU.ActiveCfg = Debug|Any CPU
		{1EB651A0-B8B2-4AB0-895B-F14C05C9CF63}.Debug|Any CPU.Build.0 = Debug|Any CPU
		{1EB651A0-B8B2-4AB0-895B-F14C05C9CF63}.Release|Any CPU.ActiveCfg = Release|Any CPU
		{1EB651A0-B8B2-4AB0-895B-F14C05C9CF63}.Release|Any CPU.Build.0 = Release|Any CPU
	EndGlobalSection
	GlobalSection(SolutionProperties) = preSolution
		HideSolutionNode = FALSE
	EndGlobalSection
	GlobalSection(ExtensibilityGlobals) = postSolution
		SolutionGuid = {07A99D82-1A21-4061-AF58-8C820A135CAC}
	EndGlobalSection
EndGlobal
